
Microsoft Visual Studio Solution File, Format Version 12.00
# Visual Studio 15
VisualStudioVersion = 15.0.28307.421
MinimumVisualStudioVersion = 10.0.40219.1
Project("{FAE04EC0-301F-11D3-BF4B-00C04F79EFBC}") = "Generowanie Kluczy", "Generowanie Kluczy\Generowanie Kluczy.csproj", "{FF3E142A-9326-471A-B120-34ECE586D8DF}"
EndProject
Global
	GlobalSection(SolutionConfigurationPlatforms) = preSolution
		Debug|Any CPU = Debug|Any CPU
		Release|Any CPU = Release|Any CPU
	EndGlobalSection
	GlobalSection(ProjectConfigurationPlatforms) = postSolution
		{FF3E142A-9326-471A-B120-34ECE586D8DF}.Debug|Any CPU.ActiveCfg = Debug|Any CPU
		{FF3E142A-9326-471A-B120-34ECE586D8DF}.Debug|Any CPU.Build.0 = Debug|Any CPU
		{FF3E142A-9326-471A-B120-34ECE586D8DF}.Release|Any CPU.ActiveCfg = Release|Any CPU
		{FF3E142A-9326-471A-B120-34ECE586D8DF}.Release|Any CPU.Build.0 = Release|Any CPU
	EndGlobalSection
	GlobalSection(SolutionProperties) = preSolution
		HideSolutionNode = FALSE
	EndGlobalSection
	GlobalSection(ExtensibilityGlobals) = postSolution
		SolutionGuid = {DD51B4AE-83CE-4B06-B86E-F356C160BD55}
	EndGlobalSection
EndGlobal
